
Microsoft Visual Studio Solution File, Format Version 12.00
# Visual Studio Version 17
VisualStudioVersion = 17.5.002.0
MinimumVisualStudioVersion = 10.0.40219.1
Project("{9A19103F-16F7-4668-BE54-9A1E7A4F7556}") = "Web2BMVC", "Web2BMVC.csproj", "{1DEB3B4A-8BBA-4B27-988A-3C5DAEE894D1}"
EndProject
Global
	GlobalSection(SolutionConfigurationPlatforms) = preSolution
		Debug|Any CPU = Debug|Any CPU
		Release|Any CPU = Release|Any CPU
	EndGlobalSection
	GlobalSection(ProjectConfigurationPlatforms) = postSolution
		{1DEB3B4A-8BBA-4B27-988A-3C5DAEE894D1}.Debug|Any CPU.ActiveCfg = Debug|Any CPU
		{1DEB3B4A-8BBA-4B27-988A-3C5DAEE894D1}.Debug|Any CPU.Build.0 = Debug|Any CPU
		{1DEB3B4A-8BBA-4B27-988A-3C5DAEE894D1}.Release|Any CPU.ActiveCfg = Release|Any CPU
		{1DEB3B4A-8BBA-4B27-988A-3C5DAEE894D1}.Release|Any CPU.Build.0 = Release|Any CPU
	EndGlobalSection
	GlobalSection(SolutionProperties) = preSolution
		HideSolutionNode = FALSE
	EndGlobalSection
	GlobalSection(ExtensibilityGlobals) = postSolution
		SolutionGuid = {B6ACBEEB-2999-4A8C-B541-C97F134A77CB}
	EndGlobalSection
EndGlobal
